// !$*UTF8*$!
{
	archiveVersion = 1;
	classes = {
	};
	objectVersion = 46;
	objects = {

/* Begin PBXBuildFile section */
		01E72B8B1E0C18320046F68C /* main.m in Sources */ = {isa = PBXBuildFile; fileRef = 01E72B8A1E0C18320046F68C /* main.m */; };
		01E72B931E0C1FFB0046F68C /* OnlineQA.m in Sources */ = {isa = PBXBuildFile; fileRef = 01E72B921E0C1FFB0046F68C /* OnlineQA.m */; };
/* End PBXBuildFile section */

/* Begin PBXCopyFilesBuildPhase section */
		01E72B851E0C18320046F68C /* CopyFiles */ = {
			isa = PBXCopyFilesBuildPhase;
			buildActionMask = 2147483647;
			dstPath = /usr/share/man/man1/;
			dstSubfolderSpec = 0;
			files = (
			);
			runOnlyForDeploymentPostprocessing = 1;
		};
/* End PBXCopyFilesBuildPhase section */

/* Begin PBXFileReference section */
		0160B40F1E0E74E3008552B9 /* answers-final.html */ = {isa = PBXFileReference; fileEncoding = 4; lastKnownFileType = text.html; path = "answers-final.html"; sourceTree = "<group>"; };
		0160B4101E0E74E3008552B9 /* answers-final.txt */ = {isa = PBXFileReference; fileEncoding = 4; lastKnownFileType = text; path = "answers-final.txt"; sourceTree = "<group>"; };
		01E72B871E0C18320046F68C /* OnlineQA */ = {isa = PBXFileReference; explicitFileType = "compiled.mach-o.executable"; includeInIndex = 0; path = OnlineQA; sourceTree = BUILT_PRODUCTS_DIR; };
		01E72B8A1E0C18320046F68C /* main.m */ = {isa = PBXFileReference; lastKnownFileType = sourcecode.c.objc; path = main.m; sourceTree = "<group>"; };
		01E72B911E0C1FFB0046F68C /* OnlineQA.h */ = {isa = PBXFileReference; fileEncoding = 4; lastKnownFileType = sourcecode.c.h; path = OnlineQA.h; sourceTree = "<group>"; };
		01E72B921E0C1FFB0046F68C /* OnlineQA.m */ = {isa = PBXFileReference; fileEncoding = 4; lastKnownFileType = sourcecode.c.objc; path = OnlineQA.m; sourceTree = "<group>"; };
		01E72B961E0C24BA0046F68C /* questions.txt */ = {isa = PBXFileReference; fileEncoding = 4; lastKnownFileType = text; path = questions.txt; sourceTree = "<group>"; };
/* End PBXFileReference section */

/* Begin PBXFrameworksBuildPhase section */
		01E72B841E0C18320046F68C /* Frameworks */ = {
			isa = PBXFrameworksBuildPhase;
			buildActionMask = 2147483647;
			files = (
			);
			runOnlyForDeploymentPostprocessing = 0;
		};
/* End PBXFrameworksBuildPhase section */

/* Begin PBXGroup section */
		01E72B7E1E0C18320046F68C = {
			isa = PBXGroup;
			children = (
				01E72B891E0C18320046F68C /* OnlineQA */,
				01E72B881E0C18320046F68C /* Products */,
			);
			sourceTree = "<group>";
		};
		01E72B881E0C18320046F68C /* Products */ = {
			isa = PBXGroup;
			children = (
				01E72B871E0C18320046F68C /* OnlineQA */,
			);
			name = Products;
			sourceTree = "<group>";
		};
		01E72B891E0C18320046F68C /* OnlineQA */ = {
			isa = PBXGroup;
			children = (
				01E72B941E0C24BA0046F68C /* data */,
				01E72B8A1E0C18320046F68C /* main.m */,
				01E72B911E0C1FFB0046F68C /* OnlineQA.h */,
				01E72B921E0C1FFB0046F68C /* OnlineQA.m */,
			);
			path = OnlineQA;
			sourceTree = "<group>";
		};
		01E72B941E0C24BA0046F68C /* data */ = {
			isa = PBXGroup;
			children = (
				0160B40F1E0E74E3008552B9 /* answers-final.html */,
				0160B4101E0E74E3008552B9 /* answers-final.txt */,
				01E72B961E0C24BA0046F68C /* questions.txt */,
			);
			path = data;
			sourceTree = "<group>";
		};
/* End PBXGroup section */

/* Begin PBXNativeTarget section */
		01E72B861E0C18320046F68C /* OnlineQA */ = {
			isa = PBXNativeTarget;
			buildConfigurationList = 01E72B8E1E0C18320046F68C /* Build configuration list for PBXNativeTarget "OnlineQA" */;
			buildPhases = (
				01E72B831E0C18320046F68C /* Sources */,
				01E72B841E0C18320046F68C /* Frameworks */,
				01E72B851E0C18320046F68C /* CopyFiles */,
			);
			buildRules = (
			);
			dependencies = (
			);
			name = OnlineQA;
			productName = OnlineQA;
			productReference = 01E72B871E0C18320046F68C /* OnlineQA */;
			productType = "com.apple.product-type.tool";
		};
/* End PBXNativeTarget section */

/* Begin PBXProject section */
		01E72B7F1E0C18320046F68C /* Project object */ = {
			isa = PBXProject;
			attributes = {
				LastUpgradeCheck = 0820;
				ORGANIZATIONNAME = "范志康";
				TargetAttributes = {
					01E72B861E0C18320046F68C = {
						CreatedOnToolsVersion = 8.2.1;
						ProvisioningStyle = Automatic;
					};
				};
			};
			buildConfigurationList = 01E72B821E0C18320046F68C /* Build configuration list for PBXProject "OnlineQA" */;
			compatibilityVersion = "Xcode 3.2";
			developmentRegion = English;
			hasScannedForEncodings = 0;
			knownRegions = (
				en,
			);
			mainGroup = 01E72B7E1E0C18320046F68C;
			productRefGroup = 01E72B881E0C18320046F68C /* Products */;
			projectDirPath = "";
			projectRoot = "";
			targets = (
				01E72B861E0C18320046F68C /* OnlineQA */,
			);
		};
/* End PBXProject section */

/* Begin PBXSourcesBuildPhase section */
		01E72B831E0C18320046F68C /* Sources */ = {
			isa = PBXSourcesBuildPhase;
			buildActionMask = 2147483647;
			files = (
				01E72B931E0C1FFB0046F68C /* OnlineQA.m in Sources */,
				01E72B8B1E0C18320046F68C /* main.m in Sources */,
			);
			runOnlyForDeploymentPostprocessing = 0;
		};
/* End PBXSourcesBuildPhase section */

/* Begin XCBuildConfiguration section */
		01E72B8C1E0C18320046F68C /* Debug */ = {
			isa = XCBuildConfiguration;
			buildSettings = {
				ALWAYS_SEARCH_USER_PATHS = NO;
				CLANG_ANALYZER_NONNULL = YES;
				CLANG_CXX_LANGUAGE_STANDARD = "gnu++0x";
				CLANG_CXX_LIBRARY = "libc++";
				CLANG_ENABLE_MODULES = YES;
				CLANG_ENABLE_OBJC_ARC = YES;
				CLANG_WARN_BOOL_CONVERSION = YES;
				CLANG_WARN_CONSTANT_CONVERSION = YES;
				CLANG_WARN_DIRECT_OBJC_ISA_USAGE = YES_ERROR;
				CLANG_WARN_DOCUMENTATION_COMMENTS = YES;
				CLANG_WARN_EMPTY_BODY = YES;
				CLANG_WARN_ENUM_CONVERSION = YES;
				CLANG_WARN_INFINITE_RECURSION = YES;
				CLANG_WARN_INT_CONVERSION = YES;
				CLANG_WARN_OBJC_ROOT_CLASS = YES_ERROR;
				CLANG_WARN_SUSPICIOUS_MOVE = YES;
				CLANG_WARN_UNREACHABLE_CODE = YES;
				CLANG_WARN__DUPLICATE_METHOD_MATCH = YES;
				CODE_SIGN_IDENTITY = "-";
				COPY_PHASE_STRIP = NO;
				DEBUG_INFORMATION_FORMAT = dwarf;
				ENABLE_STRICT_OBJC_MSGSEND = YES;
				ENABLE_TESTABILITY = YES;
				GCC_C_LANGUAGE_STANDARD = gnu99;
				GCC_DYNAMIC_NO_PIC = NO;
				GCC_NO_COMMON_BLOCKS = YES;
				GCC_OPTIMIZATION_LEVEL = 0;
				GCC_PREPROCESSOR_DEFINITIONS = (
					"DEBUG=1",
					"$(inherited)",
				);
				GCC_WARN_64_TO_32_BIT_CONVERSION = YES;
				GCC_WARN_ABOUT_RETURN_TYPE = YES_ERROR;
				GCC_WARN_UNDECLARED_SELECTOR = YES;
				GCC_WARN_UNINITIALIZED_AUTOS = YES_AGGRESSIVE;
				GCC_WARN_UNUSED_FUNCTION = YES;
				GCC_WARN_UNUSED_VARIABLE = YES;
				MACOSX_DEPLOYMENT_TARGET = 10.12;
				MTL_ENABLE_DEBUG_INFO = YES;
				ONLY_ACTIVE_ARCH = YES;
				SDKROOT = macosx;
			};
			name = Debug;
		};
		01E72B8D1E0C18320046F68C /* Release */ = {
			isa = XCBuildConfiguration;
			buildSettings = {
				ALWAYS_SEARCH_USER_PATHS = NO;
				CLANG_ANALYZER_NONNULL = YES;
				CLANG_CXX_LANGUAGE_STANDARD = "gnu++0x";
				CLANG_CXX_LIBRARY = "libc++";
				CLANG_ENABLE_MODULES = YES;
				CLANG_ENABLE_OBJC_ARC = YES;
				CLANG_WARN_BOOL_CONVERSION = YES;
				CLANG_WARN_CONSTANT_CONVERSION = YES;
				CLANG_WARN_DIRECT_OBJC_ISA_USAGE = YES_ERROR;
				CLANG_WARN_DOCUMENTATION_COMMENTS = YES;
				CLANG_WARN_EMPTY_BODY = YES;
				CLANG_WARN_ENUM_CONVERSION = YES;
				CLANG_WARN_INFINITE_RECURSION = YES;
				CLANG_WARN_INT_CONVERSION = YES;
				CLANG_WARN_OBJC_ROOT_CLASS = YES_ERROR;
				CLANG_WARN_SUSPICIOUS_MOVE = YES;
				CLANG_WARN_UNREACHABLE_CODE = YES;
				CLANG_WARN__DUPLICATE_METHOD_MATCH = YES;
				CODE_SIGN_IDENTITY = "-";
				COPY_PHASE_STRIP = NO;
				DEBUG_INFORMATION_FORMAT = "dwarf-with-dsym";
				ENABLE_NS_ASSERTIONS = NO;
				ENABLE_STRICT_OBJC_MSGSEND = YES;
				GCC_C_LANGUAGE_STANDARD = gnu99;
				GCC_NO_COMMON_BLOCKS = YES;
				GCC_WARN_64_TO_32_BIT_CONVERSION = YES;
				GCC_WARN_ABOUT_RETURN_TYPE = YES_ERROR;
				GCC_WARN_UNDECLARED_SELECTOR = YES;
				GCC_WARN_UNINITIALIZED_AUTOS = YES_AGGRESSIVE;
				GCC_WARN_UNUSED_FUNCTION = YES;
				GCC_WARN_UNUSED_VARIABLE = YES;
				MACOSX_DEPLOYMENT_TARGET = 10.12;
				MTL_ENABLE_DEBUG_INFO = NO;
				SDKROOT = macosx;
			};
			name = Release;
		};
		01E72B8F1E0C18320046F68C /* Debug */ = {
			isa = XCBuildConfiguration;
			buildSettings = {
				PRODUCT_NAME = "$(TARGET_NAME)";
			};
			name = Debug;
		};
		01E72B901E0C18320046F68C /* Release */ = {
			isa = XCBuildConfiguration;
			buildSettings = {
				PRODUCT_NAME = "$(TARGET_NAME)";
			};
			name = Release;
		};
/* End XCBuildConfiguration section */

/* Begin XCConfigurationList section */
		01E72B821E0C18320046F68C /* Build configuration list for PBXProject "OnlineQA" */ = {
			isa = XCConfigurationList;
			buildConfigurations = (
				01E72B8C1E0C18320046F68C /* Debug */,
				01E72B8D1E0C18320046F68C /* Release */,
			);
			defaultConfigurationIsVisible = 0;
			defaultConfigurationName = Release;
		};
		01E72B8E1E0C18320046F68C /* Build configuration list for PBXNativeTarget "OnlineQA" */ = {
			isa = XCConfigurationList;
			buildConfigurations = (
				01E72B8F1E0C18320046F68C /* Debug */,
				01E72B901E0C18320046F68C /* Release */,
			);
			defaultConfigurationIsVisible = 0;
			defaultConfigurationName = Release;
		};
/* End XCConfigurationList section */
	};
	rootObject = 01E72B7F1E0C18320046F68C /* Project object */;
}
